
Microsoft Visual Studio Solution File, Format Version 11.00
# Visual Studio 2010
Project("{FAE04EC0-301F-11D3-BF4B-00C04F79EFBC}") = "CircleOfLife", "CircleOfLife\CircleOfLife\CircleOfLife.csproj", "{17E888A4-1BEB-4C06-A762-217CFBCC77BB}"
EndProject
Project("{FAE04EC0-301F-11D3-BF4B-00C04F79EFBC}") = "CircleOfLifeContent", "CircleOfLife\CircleOfLifeContent\CircleOfLifeContent.contentproj", "{ABF70EB5-E5D5-40BD-B4C6-63774D361B88}"
EndProject
Project("{2150E333-8FDC-42A3-9474-1A3956D46DE8}") = "Solution Items", "Solution Items", "{96408BEB-04E3-4612-BA17-525BAAE4BBF5}"
	ProjectSection(SolutionItems) = preProject
		Performance1.psess = Performance1.psess
		Performance2.psess = Performance2.psess
	EndProjectSection
EndProject
Global
	GlobalSection(SolutionConfigurationPlatforms) = preSolution
		Debug|x86 = Debug|x86
		Release|x86 = Release|x86
	EndGlobalSection
	GlobalSection(ProjectConfigurationPlatforms) = postSolution
		{17E888A4-1BEB-4C06-A762-217CFBCC77BB}.Debug|x86.ActiveCfg = Debug|x86
		{17E888A4-1BEB-4C06-A762-217CFBCC77BB}.Debug|x86.Build.0 = Debug|x86
		{17E888A4-1BEB-4C06-A762-217CFBCC77BB}.Release|x86.ActiveCfg = Release|x86
		{17E888A4-1BEB-4C06-A762-217CFBCC77BB}.Release|x86.Build.0 = Release|x86
		{ABF70EB5-E5D5-40BD-B4C6-63774D361B88}.Debug|x86.ActiveCfg = Debug|x86
		{ABF70EB5-E5D5-40BD-B4C6-63774D361B88}.Release|x86.ActiveCfg = Release|x86
	EndGlobalSection
	GlobalSection(SolutionProperties) = preSolution
		HideSolutionNode = FALSE
	EndGlobalSection
EndGlobal
